Microsoft Visual Studio Solution File, Format Version 12.00
# Visual Studio Version 17
VisualStudioVersion = 17.14.36109.1
MinimumVisualStudioVersion = 10.0.40219.1
Project("{FAE04EC0-301F-11D3-BF4B-00C04F79EFBC}") = "HealthPlan.API", "..\Src\HealthPlan.API\HealthPlan.API.csproj", "{CE1283AA-5CAD-43AB-A973-2162B12096B2}"
EndProject
Project("{FAE04EC0-301F-11D3-BF4B-00C04F79EFBC}") = "HealthPlan.Login", "..\Src\HealthPlan.Login\HealthPlan.Login.csproj", "{B56204F9-7AA5-DCD3-A14A-65F0DD219B60}"
EndProject
Project("{FAE04EC0-301F-11D3-BF4B-00C04F79EFBC}") = "HealthPlan.Tests", "..\Src\HealthPlan.Tests\HealthPlan.Tests.csproj", "{C1F0B2A1-8E3D-4567-9ABC-DEF123456789}"
EndProject

Global
	GlobalSection(SolutionConfigurationPlatforms) = preSolution
		Debug|Any CPU = Debug|Any CPU
		Release|Any CPU = Release|Any CPU
	EndGlobalSection
	GlobalSection(ProjectConfigurationPlatforms) = postSolution
		{CE1283AA-5CAD-43AB-A973-2162B12096B2}.Debug|Any CPU.ActiveCfg = Debug|Any CPU
		{CE1283AA-5CAD-43AB-A973-2162B12096B2}.Debug|Any CPU.Build.0 = Debug|Any CPU
		{CE1283AA-5CAD-43AB-A973-2162B12096B2}.Release|Any CPU.ActiveCfg = Release|Any CPU
		{CE1283AA-5CAD-43AB-A973-2162B12096B2}.Release|Any CPU.Build.0 = Release|Any CPU
		{B56204F9-7AA5-DCD3-A14A-65F0DD219B60}.Debug|Any CPU.ActiveCfg = Debug|Any CPU
		{B56204F9-7AA5-DCD3-A14A-65F0DD219B60}.Debug|Any CPU.Build.0 = Debug|Any CPU
		{B56204F9-7AA5-DCD3-A14A-65F0DD219B60}.Release|Any CPU.ActiveCfg = Release|Any CPU
		{B56204F9-7AA5-DCD3-A14A-65F0DD219B60}.Release|Any CPU.Build.0 = Release|Any CPU
		{C1F0B2A1-8E3D-4567-9ABC-DEF123456789}.Debug|Any CPU.ActiveCfg = Debug|Any CPU
		{C1F0B2A1-8E3D-4567-9ABC-DEF123456789}.Debug|Any CPU.Build.0 = Debug|Any CPU
		{C1F0B2A1-8E3D-4567-9ABC-DEF123456789}.Release|Any CPU.ActiveCfg = Release|Any CPU
		{C1F0B2A1-8E3D-4567-9ABC-DEF123456789}.Release|Any CPU.Build.0 = Release|Any CPU

	EndGlobalSection
	GlobalSection(SolutionProperties) = preSolution
		HideSolutionNode = FALSE
	EndGlobalSection

	GlobalSection(ExtensibilityGlobals) = postSolution
		SolutionGuid = {908550AD-2FF5-4257-BA03-D8C921AB5D61}
	EndGlobalSection
EndGlobal